// !$*UTF8*$!
{
	archiveVersion = 1;
	classes = {
	};
	objectVersion = 77;
	objects = {

/* Begin PBXBuildFile section */
		6162530B302F2FE10066F75D /* GoogleSignIn in Frameworks */ = {isa = PBXBuildFile; productRef = 6162530A302F2FE10066F75D /* GoogleSignIn */; };
		6162530D302F2FE10066F75D /* GoogleSignInSwift in Frameworks */ = {isa = PBXBuildFile; productRef = 6162530C302F2FE10066F75D /* GoogleSignInSwift */; };
		61625311302F30620066F75D /* Lottie in Frameworks */ = {isa = PBXBuildFile; productRef = 61625310302F30620066F75D /* Lottie */; };
		61625316302F30880066F75D /* Vapor in Frameworks */ = {isa = PBXBuildFile; productRef = 61625315302F30880066F75D /* Vapor */; };
		6162531D302F316E0066F75D /* Auth in Frameworks */ = {isa = PBXBuildFile; productRef = 6162531C302F316E0066F75D /* Auth */; };
		6162531F302F316E0066F75D /* Functions in Frameworks */ = {isa = PBXBuildFile; productRef = 6162531E302F316E0066F75D /* Functions */; };
		61625321302F316E0066F75D /* PostgREST in Frameworks */ = {isa = PBXBuildFile; productRef = 61625320302F316E0066F75D /* PostgREST */; };
		61625323302F316E0066F75D /* Realtime in Frameworks */ = {isa = PBXBuildFile; productRef = 61625322302F316E0066F75D /* Realtime */; };
		61625325302F316E0066F75D /* Storage in Frameworks */ = {isa = PBXBuildFile; productRef = 61625324302F316E0066F75D /* Storage */; };
		61625327302F316E0066F75D /* Supabase in Frameworks */ = {isa = PBXBuildFile; productRef = 61625326302F316E0066F75D /* Supabase */; };
/* End PBXBuildFile section */

/* Begin PBXFileReference section */
		612546BB302A4F4500CA0E12 /* HairCare.app */ = {isa = PBXFileReference; explicitFileType = wrapper.application; includeInIndex = 0; path = HairCare.app; sourceTree = BUILT_PRODUCTS_DIR; };
/* End PBXFileReference section */

/* Begin PBXFileSystemSynchronizedRootGroup section */
		612546BD302A4F4500CA0E12 /* HairCare */ = {
			isa = PBXFileSystemSynchronizedRootGroup;
			path = HairCare;
			sourceTree = "<group>";
		};
/* End PBXFileSystemSynchronizedRootGroup section */

/* Begin PBXFrameworksBuildPhase section */
		612546B8302A4F4500CA0E12 /* Frameworks */ = {
			isa = PBXFrameworksBuildPhase;
			buildActionMask = 2147483647;
			files = (
				61625325302F316E0066F75D /* Storage in Frameworks */,
				6162530B302F2FE10066F75D /* GoogleSignIn in Frameworks */,
				6162531F302F316E0066F75D /* Functions in Frameworks */,
				61625321302F316E0066F75D /* PostgREST in Frameworks */,
				6162530D302F2FE10066F75D /* GoogleSignInSwift in Frameworks */,
				61625316302F30880066F75D /* Vapor in Frameworks */,
				6162531D302F316E0066F75D /* Auth in Frameworks */,
				61625311302F30620066F75D /* Lottie in Frameworks */,
				61625323302F316E0066F75D /* Realtime in Frameworks */,
				61625327302F316E0066F75D /* Supabase in Frameworks */,
			);
			runOnlyForDeploymentPostprocessing = 0;
		};
/* End PBXFrameworksBuildPhase section */

/* Begin PBXGroup section */
		612546B2302A4F4500CA0E12 = {
			isa = PBXGroup;
			children = (
				612546BD302A4F4500CA0E12 /* HairCare */,
				6162531B302F316E0066F75D /* Frameworks */,
				612546BC302A4F4500CA0E12 /* Products */,
			);
			sourceTree = "<group>";
		};
		612546BC302A4F4500CA0E12 /* Products */ = {
			isa = PBXGroup;
			children = (
				612546BB302A4F4500CA0E12 /* HairCare.app */,
			);
			name = Products;
			sourceTree = "<group>";
		};
		6162531B302F316E0066F75D /* Frameworks */ = {
			isa = PBXGroup;
			children = (
			);
			name = Frameworks;
			sourceTree = "<group>";
		};
/* End PBXGroup section */

/* Begin PBXNativeTarget section */
		612546BA302A4F4500CA0E12 /* HairCare */ = {
			isa = PBXNativeTarget;
			buildConfigurationList = 612546C8302A4F4600CA0E12 /* Build configuration list for PBXNativeTarget "HairCare" */;
			buildPhases = (
				612546B7302A4F4500CA0E12 /* Sources */,
				612546B8302A4F4500CA0E12 /* Frameworks */,
				612546B9302A4F4500CA0E12 /* Resources */,
			);
			buildRules = (
			);
			dependencies = (
			);
			fileSystemSynchronizedGroups = (
				612546BD302A4F4500CA0E12 /* HairCare */,
			);
			name = HairCare;
			packageProductDependencies = (
				6162530A302F2FE10066F75D /* GoogleSignIn */,
				6162530C302F2FE10066F75D /* GoogleSignInSwift */,
				61625310302F30620066F75D /* Lottie */,
				61625315302F30880066F75D /* Vapor */,
				6162531C302F316E0066F75D /* Auth */,
				6162531E302F316E0066F75D /* Functions */,
				61625320302F316E0066F75D /* PostgREST */,
				61625322302F316E0066F75D /* Realtime */,
				61625324302F316E0066F75D /* Storage */,
				61625326302F316E0066F75D /* Supabase */,
			);
			productName = HairCare;
			productReference = 612546BB302A4F4500CA0E12 /* HairCare.app */;
			productType = "com.apple.product-type.application";
		};
/* End PBXNativeTarget section */

/* Begin PBXProject section */
		612546B3302A4F4500CA0E12 /* Project object */ = {
			isa = PBXProject;
			attributes = {
				BuildIndependentTargetsInParallel = 1;
				LastSwiftUpdateCheck = 2660;
				LastUpgradeCheck = 2660;
				TargetAttributes = {
					612546BA302A4F4500CA0E12 = {
						CreatedOnToolsVersion = 26.6;
					};
				};
			};
			buildConfigurationList = 612546B6302A4F4500CA0E12 /* Build configuration list for PBXProject "HairCare" */;
			developmentRegion = en;
			hasScannedForEncodings = 0;
			knownRegions = (
				en,
				Base,
			);
			mainGroup = 612546B2302A4F4500CA0E12;
			minimizedProjectReferenceProxies = 1;
			packageReferences = (
				61625309302F2FE10066F75D /* XCRemoteSwiftPackageReference "GoogleSignIn-iOS" */,
				6162530E302F2FF70066F75D /* XCRemoteSwiftPackageReference "supabase-swift" */,
				6162530F302F30620066F75D /* XCRemoteSwiftPackageReference "lottie-ios" */,
				61625314302F30880066F75D /* XCRemoteSwiftPackageReference "vapor" */,
			);
			preferredProjectObjectVersion = 77;
			productRefGroup = 612546BC302A4F4500CA0E12 /* Products */;
			projectDirPath = "";
			projectRoot = "";
			targets = (
				612546BA302A4F4500CA0E12 /* HairCare */,
			);
		};
/* End PBXProject section */

/* Begin PBXResourcesBuildPhase section */
		612546B9302A4F4500CA0E12 /* Resources */ = {
			isa = PBXResourcesBuildPhase;
			buildActionMask = 2147483647;
			files = (
			);
			runOnlyForDeploymentPostprocessing = 0;
		};
/* End PBXResourcesBuildPhase section */

/* Begin PBXSourcesBuildPhase section */
		612546B7302A4F4500CA0E12 /* Sources */ = {
			isa = PBXSourcesBuildPhase;
			buildActionMask = 2147483647;
			files = (
			);
			runOnlyForDeploymentPostprocessing = 0;
		};
/* End PBXSourcesBuildPhase section */

/* Begin XCBuildConfiguration section */
		612546C6302A4F4600CA0E12 /* Debug */ = {
			isa = XCBuildConfiguration;
			baseConfigurationReferenceAnchor = 612546BD302A4F4500CA0E12 /* HairCare */;
			baseConfigurationReferenceRelativePath = Config.xcconfig;
			buildSettings = {
				ALWAYS_SEARCH_USER_PATHS = NO;
				ASSETCATALOG_COMPILER_GENERATE_SWIFT_ASSET_SYMBOL_EXTENSIONS = YES;
				CLANG_ANALYZER_NONNULL = YES;
				CLANG_ANALYZER_NUMBER_OBJECT_CONVERSION = YES_AGGRESSIVE;
				CLANG_CXX_LANGUAGE_STANDARD = "gnu++20";
				CLANG_ENABLE_MODULES = YES;
				CLANG_ENABLE_OBJC_ARC = YES;
				CLANG_ENABLE_OBJC_WEAK = YES;
				CLANG_WARN_BLOCK_CAPTURE_AUTORELEASING = YES;
				CLANG_WARN_BOOL_CONVERSION = YES;
				CLANG_WARN_COMMA = YES;
				CLANG_WARN_CONSTANT_CONVERSION = YES;
				CLANG_WARN_DEPRECATED_OBJC_IMPLEMENTATIONS = YES;
				CLANG_WARN_DIRECT_OBJC_ISA_USAGE = YES_ERROR;
				CLANG_WARN_DOCUMENTATION_COMMENTS = YES;
				CLANG_WARN_EMPTY_BODY = YES;
				CLANG_WARN_ENUM_CONVERSION = YES;
				CLANG_WARN_INFINITE_RECURSION = YES;
				CLANG_WARN_INT_CONVERSION = YES;
				CLANG_WARN_NON_LITERAL_NULL_CONVERSION = YES;
				CLANG_WARN_OBJC_IMPLICIT_RETAIN_SELF = YES;
				CLANG_WARN_OBJC_LITERAL_CONVERSION = YES;
				CLANG_WARN_OBJC_ROOT_CLASS = YES_ERROR;
				CLANG_WARN_QUOTED_INCLUDE_IN_FRAMEWORK_HEADER = YES;
				CLANG_WARN_RANGE_LOOP_ANALYSIS = YES;
				CLANG_WARN_STRICT_PROTOTYPES = YES;
				CLANG_WARN_SUSPICIOUS_MOVE = YES;
				CLANG_WARN_UNGUARDED_AVAILABILITY = YES_AGGRESSIVE;
				CLANG_WARN_UNREACHABLE_CODE = YES;
				CLANG_WARN__DUPLICATE_METHOD_MATCH = YES;
				COPY_PHASE_STRIP = NO;
				DEBUG_INFORMATION_FORMAT = dwarf;
				DEVELOPMENT_TEAM = C74ASBK4PW;
				ENABLE_STRICT_OBJC_MSGSEND = YES;
				ENABLE_TESTABILITY = YES;
				ENABLE_USER_SCRIPT_SANDBOXING = YES;
				GCC_C_LANGUAGE_STANDARD = gnu17;
				GCC_DYNAMIC_NO_PIC = NO;
				GCC_NO_COMMON_BLOCKS = YES;
				GCC_OPTIMIZATION_LEVEL = 0;
				GCC_PREPROCESSOR_DEFINITIONS = (
					"DEBUG=1",
					"$(inherited)",
				);
				GCC_WARN_64_TO_32_BIT_CONVERSION = YES;
				GCC_WARN_ABOUT_RETURN_TYPE = YES_ERROR;
				GCC_WARN_UNDECLARED_SELECTOR = YES;
				GCC_WARN_UNINITIALIZED_AUTOS = YES_AGGRESSIVE;
				GCC_WARN_UNUSED_FUNCTION = YES;
				GCC_WARN_UNUSED_VARIABLE = YES;
				IPHONEOS_DEPLOYMENT_TARGET = 26.5;
				LOCALIZATION_PREFERS_STRING_CATALOGS = YES;
				MTL_ENABLE_DEBUG_INFO = INCLUDE_SOURCE;
				MTL_FAST_MATH = YES;
				ONLY_ACTIVE_ARCH = YES;
				SDKROOT = iphoneos;
				SWIFT_ACTIVE_COMPILATION_CONDITIONS = "DEBUG $(inherited)";
				SWIFT_OPTIMIZATION_LEVEL = "-Onone";
			};
			name = Debug;
		};
		612546C7302A4F4600CA0E12 /* Release */ = {
			isa = XCBuildConfiguration;
			baseConfigurationReferenceAnchor = 612546BD302A4F4500CA0E12 /* HairCare */;
			baseConfigurationReferenceRelativePath = Config.xcconfig;
			buildSettings = {
				ALWAYS_SEARCH_USER_PATHS = NO;
				ASSETCATALOG_COMPILER_GENERATE_SWIFT_ASSET_SYMBOL_EXTENSIONS = YES;
				CLANG_ANALYZER_NONNULL = YES;
				CLANG_ANALYZER_NUMBER_OBJECT_CONVERSION = YES_AGGRESSIVE;
				CLANG_CXX_LANGUAGE_STANDARD = "gnu++20";
				CLANG_ENABLE_MODULES = YES;
				CLANG_ENABLE_OBJC_ARC = YES;
				CLANG_ENABLE_OBJC_WEAK = YES;
				CLANG_WARN_BLOCK_CAPTURE_AUTORELEASING = YES;
				CLANG_WARN_BOOL_CONVERSION = YES;
				CLANG_WARN_COMMA = YES;
				CLANG_WARN_CONSTANT_CONVERSION = YES;
				CLANG_WARN_DEPRECATED_OBJC_IMPLEMENTATIONS = YES;
				CLANG_WARN_DIRECT_OBJC_ISA_USAGE = YES_ERROR;
				CLANG_WARN_DOCUMENTATION_COMMENTS = YES;
				CLANG_WARN_EMPTY_BODY = YES;
				CLANG_WARN_ENUM_CONVERSION = YES;
				CLANG_WARN_INFINITE_RECURSION = YES;
				CLANG_WARN_INT_CONVERSION = YES;
				CLANG_WARN_NON_LITERAL_NULL_CONVERSION = YES;
				CLANG_WARN_OBJC_IMPLICIT_RETAIN_SELF = YES;
				CLANG_WARN_OBJC_LITERAL_CONVERSION = YES;
				CLANG_WARN_OBJC_ROOT_CLASS = YES_ERROR;
				CLANG_WARN_QUOTED_INCLUDE_IN_FRAMEWORK_HEADER = YES;
				CLANG_WARN_RANGE_LOOP_ANALYSIS = YES;
				CLANG_WARN_STRICT_PROTOTYPES = YES;
				CLANG_WARN_SUSPICIOUS_MOVE = YES;
				CLANG_WARN_UNGUARDED_AVAILABILITY = YES_AGGRESSIVE;
				CLANG_WARN_UNREACHABLE_CODE = YES;
				CLANG_WARN__DUPLICATE_METHOD_MATCH = YES;
				COPY_PHASE_STRIP = NO;
				DEBUG_INFORMATION_FORMAT = "dwarf-with-dsym";
				DEVELOPMENT_TEAM = C74ASBK4PW;
				ENABLE_NS_ASSERTIONS = NO;
				ENABLE_STRICT_OBJC_MSGSEND = YES;
				ENABLE_USER_SCRIPT_SANDBOXING = YES;
				GCC_C_LANGUAGE_STANDARD = gnu17;
				GCC_NO_COMMON_BLOCKS = YES;
				GCC_WARN_64_TO_32_BIT_CONVERSION = YES;
				GCC_WARN_ABOUT_RETURN_TYPE = YES_ERROR;
				GCC_WARN_UNDECLARED_SELECTOR = YES;
				GCC_WARN_UNINITIALIZED_AUTOS = YES_AGGRESSIVE;
				GCC_WARN_UNUSED_FUNCTION = YES;
				GCC_WARN_UNUSED_VARIABLE = YES;
				IPHONEOS_DEPLOYMENT_TARGET = 26.5;
				LOCALIZATION_PREFERS_STRING_CATALOGS = YES;
				MTL_ENABLE_DEBUG_INFO = NO;
				MTL_FAST_MATH = YES;
				SDKROOT = iphoneos;
				SWIFT_COMPILATION_MODE = wholemodule;
				VALIDATE_PRODUCT = YES;
			};
			name = Release;
		};
		612546C9302A4F4600CA0E12 /* Debug */ = {
			isa = XCBuildConfiguration;
			baseConfigurationReferenceAnchor = 612546BD302A4F4500CA0E12 /* HairCare */;
			baseConfigurationReferenceRelativePath = Config.xcconfig;
			buildSettings = {
				ASSETCATALOG_COMPILER_APPICON_NAME = AppIcon;
				ASSETCATALOG_COMPILER_GLOBAL_ACCENT_COLOR_NAME = AccentColor;
				CODE_SIGN_STYLE = Automatic;
				CURRENT_PROJECT_VERSION = 1;
				DEVELOPMENT_TEAM = C74ASBK4PW;
				ENABLE_PREVIEWS = YES;
				GENERATE_INFOPLIST_FILE = YES;
				INFOPLIST_FILE = Info.plist;
				INFOPLIST_KEY_LSApplicationCategoryType = "public.app-category.books";
				INFOPLIST_KEY_UIApplicationSceneManifest_Generation = YES;
				INFOPLIST_KEY_UIApplicationSupportsIndirectInputEvents = YES;
				INFOPLIST_KEY_UILaunchScreen_Generation = YES;
				INFOPLIST_KEY_UISupportedInterfaceOrientations_iPad = "UIInterfaceOrientationPortrait UIInterfaceOrientationPortraitUpsideDown UIInterfaceOrientationLandscapeLeft UIInterfaceOrientationLandscapeRight";
				INFOPLIST_KEY_UISupportedInterfaceOrientations_iPhone = "UIInterfaceOrientationPortrait UIInterfaceOrientationLandscapeLeft UIInterfaceOrientationLandscapeRight";
				LD_RUNPATH_SEARCH_PATHS = (
					"$(inherited)",
					"@executable_path/Frameworks",
				);
				MARKETING_VERSION = 1.0;
				PRODUCT_BUNDLE_IDENTIFIER = abc.haircare.com;
				PRODUCT_NAME = "$(TARGET_NAME)";
				STRING_CATALOG_GENERATE_SYMBOLS = YES;
				SWIFT_APPROACHABLE_CONCURRENCY = YES;
				SWIFT_DEFAULT_ACTOR_ISOLATION = MainActor;
				SWIFT_EMIT_LOC_STRINGS = YES;
				SWIFT_UPCOMING_FEATURE_MEMBER_IMPORT_VISIBILITY = YES;
				SWIFT_VERSION = 5.0;
				TARGETED_DEVICE_FAMILY = "1,2";
			};
			name = Debug;
		};
		612546CA302A4F4600CA0E12 /* Release */ = {
			isa = XCBuildConfiguration;
			baseConfigurationReferenceAnchor = 612546BD302A4F4500CA0E12 /* HairCare */;
			baseConfigurationReferenceRelativePath = Config.xcconfig;
			buildSettings = {
				ASSETCATALOG_COMPILER_APPICON_NAME = AppIcon;
				ASSETCATALOG_COMPILER_GLOBAL_ACCENT_COLOR_NAME = AccentColor;
				CODE_SIGN_STYLE = Automatic;
				CURRENT_PROJECT_VERSION = 1;
				DEVELOPMENT_TEAM = C74ASBK4PW;
				ENABLE_PREVIEWS = YES;
				GENERATE_INFOPLIST_FILE = YES;
				INFOPLIST_FILE = Info.plist;
				INFOPLIST_KEY_LSApplicationCategoryType = "public.app-category.books";
				INFOPLIST_KEY_UIApplicationSceneManifest_Generation = YES;
				INFOPLIST_KEY_UIApplicationSupportsIndirectInputEvents = YES;
				INFOPLIST_KEY_UILaunchScreen_Generation = YES;
				INFOPLIST_KEY_UISupportedInterfaceOrientations_iPad = "UIInterfaceOrientationPortrait UIInterfaceOrientationPortraitUpsideDown UIInterfaceOrientationLandscapeLeft UIInterfaceOrientationLandscapeRight";
				INFOPLIST_KEY_UISupportedInterfaceOrientations_iPhone = "UIInterfaceOrientationPortrait UIInterfaceOrientationLandscapeLeft UIInterfaceOrientationLandscapeRight";
				LD_RUNPATH_SEARCH_PATHS = (
					"$(inherited)",
					"@executable_path/Frameworks",
				);
				MARKETING_VERSION = 1.0;
				PRODUCT_BUNDLE_IDENTIFIER = abc.haircare.com;
				PRODUCT_NAME = "$(TARGET_NAME)";
				STRING_CATALOG_GENERATE_SYMBOLS = YES;
				SWIFT_APPROACHABLE_CONCURRENCY = YES;
				SWIFT_DEFAULT_ACTOR_ISOLATION = MainActor;
				SWIFT_EMIT_LOC_STRINGS = YES;
				SWIFT_UPCOMING_FEATURE_MEMBER_IMPORT_VISIBILITY = YES;
				SWIFT_VERSION = 5.0;
				TARGETED_DEVICE_FAMILY = "1,2";
			};
			name = Release;
		};
/* End XCBuildConfiguration section */

/* Begin XCConfigurationList section */
		612546B6302A4F4500CA0E12 /* Build configuration list for PBXProject "HairCare" */ = {
			isa = XCConfigurationList;
			buildConfigurations = (
				612546C6302A4F4600CA0E12 /* Debug */,
				612546C7302A4F4600CA0E12 /* Release */,
			);
			defaultConfigurationIsVisible = 0;
			defaultConfigurationName = Release;
		};
		612546C8302A4F4600CA0E12 /* Build configuration list for PBXNativeTarget "HairCare" */ = {
			isa = XCConfigurationList;
			buildConfigurations = (
				612546C9302A4F4600CA0E12 /* Debug */,
				612546CA302A4F4600CA0E12 /* Release */,
			);
			defaultConfigurationIsVisible = 0;
			defaultConfigurationName = Release;
		};
/* End XCConfigurationList section */

/* Begin XCRemoteSwiftPackageReference section */
		61625309302F2FE10066F75D /* XCRemoteSwiftPackageReference "GoogleSignIn-iOS" */ = {
			isa = XCRemoteSwiftPackageReference;
			repositoryURL = "https://github.com/google/GoogleSignIn-iOS";
			requirement = {
				kind = upToNextMajorVersion;
				minimumVersion = 9.2.0;
			};
		};
		6162530E302F2FF70066F75D /* XCRemoteSwiftPackageReference "supabase-swift" */ = {
			isa = XCRemoteSwiftPackageReference;
			repositoryURL = "https://github.com/supabase/supabase-swift";
			requirement = {
				kind = upToNextMajorVersion;
				minimumVersion = 2.5.1;
			};
		};
		6162530F302F30620066F75D /* XCRemoteSwiftPackageReference "lottie-ios" */ = {
			isa = XCRemoteSwiftPackageReference;
			repositoryURL = "https://github.com/airbnb/lottie-ios";
			requirement = {
				kind = upToNextMajorVersion;
				minimumVersion = 4.6.1;
			};
		};
		61625314302F30880066F75D /* XCRemoteSwiftPackageReference "vapor" */ = {
			isa = XCRemoteSwiftPackageReference;
			repositoryURL = "https://github.com/vapor/vapor";
			requirement = {
				kind = upToNextMajorVersion;
				minimumVersion = 4.122.0;
			};
		};
/* End XCRemoteSwiftPackageReference section */

/* Begin XCSwiftPackageProductDependency section */
		6162530A302F2FE10066F75D /* GoogleSignIn */ = {
			isa = XCSwiftPackageProductDependency;
			package = 61625309302F2FE10066F75D /* XCRemoteSwiftPackageReference "GoogleSignIn-iOS" */;
			productName = GoogleSignIn;
		};
		6162530C302F2FE10066F75D /* GoogleSignInSwift */ = {
			isa = XCSwiftPackageProductDependency;
			package = 61625309302F2FE10066F75D /* XCRemoteSwiftPackageReference "GoogleSignIn-iOS" */;
			productName = GoogleSignInSwift;
		};
		61625310302F30620066F75D /* Lottie */ = {
			isa = XCSwiftPackageProductDependency;
			package = 6162530F302F30620066F75D /* XCRemoteSwiftPackageReference "lottie-ios" */;
			productName = Lottie;
		};
		61625315302F30880066F75D /* Vapor */ = {
			isa = XCSwiftPackageProductDependency;
			package = 61625314302F30880066F75D /* XCRemoteSwiftPackageReference "vapor" */;
			productName = Vapor;
		};
		6162531C302F316E0066F75D /* Auth */ = {
			isa = XCSwiftPackageProductDependency;
			package = 6162530E302F2FF70066F75D /* XCRemoteSwiftPackageReference "supabase-swift" */;
			productName = Auth;
		};
		6162531E302F316E0066F75D /* Functions */ = {
			isa = XCSwiftPackageProductDependency;
			package = 6162530E302F2FF70066F75D /* XCRemoteSwiftPackageReference "supabase-swift" */;
			productName = Functions;
		};
		61625320302F316E0066F75D /* PostgREST */ = {
			isa = XCSwiftPackageProductDependency;
			package = 6162530E302F2FF70066F75D /* XCRemoteSwiftPackageReference "supabase-swift" */;
			productName = PostgREST;
		};
		61625322302F316E0066F75D /* Realtime */ = {
			isa = XCSwiftPackageProductDependency;
			package = 6162530E302F2FF70066F75D /* XCRemoteSwiftPackageReference "supabase-swift" */;
			productName = Realtime;
		};
		61625324302F316E0066F75D /* Storage */ = {
			isa = XCSwiftPackageProductDependency;
			package = 6162530E302F2FF70066F75D /* XCRemoteSwiftPackageReference "supabase-swift" */;
			productName = Storage;
		};
		61625326302F316E0066F75D /* Supabase */ = {
			isa = XCSwiftPackageProductDependency;
			package = 6162530E302F2FF70066F75D /* XCRemoteSwiftPackageReference "supabase-swift" */;
			productName = Supabase;
		};
/* End XCSwiftPackageProductDependency section */
	};
	rootObject = 612546B3302A4F4500CA0E12 /* Project object */;
}
